Microsoft Visual Studio Solution File, Format Version 8.00
Project("{8BC9CEB8-8B4A-11D0-8D11-00A0C91BC942}") = "napl_builder", "napl_builder.vcproj", "{E7534291-7A41-497C-8D87-A474C8880F9C}"
	ProjectSection(ProjectDependencies) = postProject
		{4A6BF12E-DA98-49EA-A838-DA22E0AF401B} = {4A6BF12E-DA98-49EA-A838-DA22E0AF401B}
		{5406227A-5811-4B0C-9E36-990E2B7A7E8E} = {5406227A-5811-4B0C-9E36-990E2B7A7E8E}
		{46F1697C-0593-474F-82F4-22731C4B6082} = {46F1697C-0593-474F-82F4-22731C4B6082}
		{81907898-C4C4-4C35-9138-D798C99E10FE} = {81907898-C4C4-4C35-9138-D798C99E10FE}
	EndProjectSection
EndProject
Project("{8BC9CEB8-8B4A-11D0-8D11-00A0C91BC942}") = "napl_builder_lib", "..\..\Libs\napl_builder_lib\napl_builder_lib.vcproj", "{81907898-C4C4-4C35-9138-D798C99E10FE}"
	ProjectSection(ProjectDependencies) = postProject
	EndProjectSection
EndProject
Project("{8BC9CEB8-8B4A-11D0-8D11-00A0C91BC942}") = "Napl", "..\..\Libs\Napl\Napl.vcproj", "{5406227A-5811-4B0C-9E36-990E2B7A7E8E}"
	ProjectSection(ProjectDependencies) = postProject
	EndProjectSection
EndProject
Project("{8BC9CEB8-8B4A-11D0-8D11-00A0C91BC942}") = "boost_clipp", "..\..\..\clipp-0.5.0\libs\clipp\build\VisualStudio\boost_clipp.vcproj", "{4A6BF12E-DA98-49EA-A838-DA22E0AF401B}"
	ProjectSection(ProjectDependencies) = postProject
	EndProjectSection
EndProject
Project("{8BC9CEB8-8B4A-11D0-8D11-00A0C91BC942}") = "boost_javascript", "..\..\..\clipp-0.5.0\libs\javascript\build\VisualStudio\boost_javascript.vcproj", "{46F1697C-0593-474F-82F4-22731C4B6082}"
	ProjectSection(ProjectDependencies) = postProject
		{4A6BF12E-DA98-49EA-A838-DA22E0AF401B} = {4A6BF12E-DA98-49EA-A838-DA22E0AF401B}
	EndProjectSection
EndProject
Global
	GlobalSection(SolutionConfiguration) = preSolution
		Debug = Debug
		Release = Release
	EndGlobalSection
	GlobalSection(ProjectConfiguration) = postSolution
		{E7534291-7A41-497C-8D87-A474C8880F9C}.Debug.ActiveCfg = Debug|Win32
		{E7534291-7A41-497C-8D87-A474C8880F9C}.Debug.Build.0 = Debug|Win32
		{E7534291-7A41-497C-8D87-A474C8880F9C}.Release.ActiveCfg = Release|Win32
		{E7534291-7A41-497C-8D87-A474C8880F9C}.Release.Build.0 = Release|Win32
		{81907898-C4C4-4C35-9138-D798C99E10FE}.Debug.ActiveCfg = Debug|Win32
		{81907898-C4C4-4C35-9138-D798C99E10FE}.Debug.Build.0 = Debug|Win32
		{81907898-C4C4-4C35-9138-D798C99E10FE}.Release.ActiveCfg = Release|Win32
		{81907898-C4C4-4C35-9138-D798C99E10FE}.Release.Build.0 = Release|Win32
		{5406227A-5811-4B0C-9E36-990E2B7A7E8E}.Debug.ActiveCfg = Debug|Win32
		{5406227A-5811-4B0C-9E36-990E2B7A7E8E}.Debug.Build.0 = Debug|Win32
		{5406227A-5811-4B0C-9E36-990E2B7A7E8E}.Release.ActiveCfg = Release|Win32
		{5406227A-5811-4B0C-9E36-990E2B7A7E8E}.Release.Build.0 = Release|Win32
		{4A6BF12E-DA98-49EA-A838-DA22E0AF401B}.Debug.ActiveCfg = Debug|Win32
		{4A6BF12E-DA98-49EA-A838-DA22E0AF401B}.Debug.Build.0 = Debug|Win32
		{4A6BF12E-DA98-49EA-A838-DA22E0AF401B}.Release.ActiveCfg = Release|Win32
		{4A6BF12E-DA98-49EA-A838-DA22E0AF401B}.Release.Build.0 = Release|Win32
		{46F1697C-0593-474F-82F4-22731C4B6082}.Debug.ActiveCfg = Debug|Win32
		{46F1697C-0593-474F-82F4-22731C4B6082}.Debug.Build.0 = Debug|Win32
		{46F1697C-0593-474F-82F4-22731C4B6082}.Release.ActiveCfg = Release|Win32
		{46F1697C-0593-474F-82F4-22731C4B6082}.Release.Build.0 = Release|Win32
	EndGlobalSection
	GlobalSection(SolutionItems) = postSolution
		napl_builder.vsd = napl_builder.vsd
	EndGlobalSection
	GlobalSection(ExtensibilityGlobals) = postSolution
	EndGlobalSection
	GlobalSection(ExtensibilityAddIns) = postSolution
	EndGlobalSection
EndGlobal
